
Microsoft Visual Studio Solution File, Format Version 12.00
# Visual Studio Version 16
VisualStudioVersion = 16.0.31911.196
MinimumVisualStudioVersion = 10.0.40219.1
Project("{FAE04EC0-301F-11D3-BF4B-00C04F79EFBC}") = "Ex29_12_Honda", "Ex29_12_Honda\Ex29_12_Honda.csproj", "{ADB5893B-FDFA-41DB-9705-CDCF80A1BD0A}"
EndProject
Global
	GlobalSection(SolutionConfigurationPlatforms) = preSolution
		Debug|Any CPU = Debug|Any CPU
		Release|Any CPU = Release|Any CPU
	EndGlobalSection
	GlobalSection(ProjectConfigurationPlatforms) = postSolution
		{ADB5893B-FDFA-41DB-9705-CDCF80A1BD0A}.Debug|Any CPU.ActiveCfg = Debug|Any CPU
		{ADB5893B-FDFA-41DB-9705-CDCF80A1BD0A}.Debug|Any CPU.Build.0 = Debug|Any CPU
		{ADB5893B-FDFA-41DB-9705-CDCF80A1BD0A}.Release|Any CPU.ActiveCfg = Release|Any CPU
		{ADB5893B-FDFA-41DB-9705-CDCF80A1BD0A}.Release|Any CPU.Build.0 = Release|Any CPU
	EndGlobalSection
	GlobalSection(SolutionProperties) = preSolution
		HideSolutionNode = FALSE
	EndGlobalSection
	GlobalSection(ExtensibilityGlobals) = postSolution
		SolutionGuid = {FA2EA1FB-D504-4F44-BFFC-E061F5E9DF41}
	EndGlobalSection
EndGlobal
